
Microsoft Visual Studio Solution File, Format Version 12.00
# Visual Studio Version 16
VisualStudioVersion = 16.0.31702.278
MinimumVisualStudioVersion = 10.0.40219.1
Project("{FAE04EC0-301F-11D3-BF4B-00C04F79EFBC}") = "GITMVC", "GITMVC\GITMVC.csproj", "{6B7AA9F6-0AC3-4266-BE35-0F2E411EF250}"
EndProject
Global
	GlobalSection(SolutionConfigurationPlatforms) = preSolution
		Debug|Any CPU = Debug|Any CPU
		Release|Any CPU = Release|Any CPU
	EndGlobalSection
	GlobalSection(ProjectConfigurationPlatforms) = postSolution
		{6B7AA9F6-0AC3-4266-BE35-0F2E411EF250}.Debug|Any CPU.ActiveCfg = Debug|Any CPU
		{6B7AA9F6-0AC3-4266-BE35-0F2E411EF250}.Debug|Any CPU.Build.0 = Debug|Any CPU
		{6B7AA9F6-0AC3-4266-BE35-0F2E411EF250}.Release|Any CPU.ActiveCfg = Release|Any CPU
		{6B7AA9F6-0AC3-4266-BE35-0F2E411EF250}.Release|Any CPU.Build.0 = Release|Any CPU
	EndGlobalSection
	GlobalSection(SolutionProperties) = preSolution
		HideSolutionNode = FALSE
	EndGlobalSection
	GlobalSection(ExtensibilityGlobals) = postSolution
		SolutionGuid = {E73FBBF7-6946-4663-9466-FC54B9A2A439}
	EndGlobalSection
EndGlobal
